# THIS IS AN AUTOGENERATED FILE. DO NOT EDIT THIS FILE DIRECTLY.
# yarn lockfile v1
abbrev@1, abbrev@1.0.x:
  version "1.0.9"
  resolved "http://registry.npm.taobao.org/abbrev/download/abbrev-1.0.9.tgz#91b4792588a7738c25f35dd6f63752a2f8776135"

after@0.8.1:
  version "0.8.1"
  resolved "http://registry.npm.taobao.org/after/download/after-0.8.1.tgz#ab5d4fb883f596816d3515f8f791c0af486dd627"

amdefine@>=0.0.4:
  version "1.0.1"
  resolved "http://registry.npm.taobao.org/amdefine/download/amdefine-1.0.1.tgz#4a5282ac164729e93619bcfd3ad151f817ce91f5"

argparse@^1.0.7:
  version "1.0.9"
  resolved "http://registry.npm.taobao.org/argparse/download/argparse-1.0.9.tgz#73d83bc263f86e97f8cc4f6bae1b0e90a7d22c86"
  dependencies:
    sprintf-js "~1.0.2"

arraybuffer.slice@0.0.6:
  version "0.0.6"
  resolved "http://registry.npm.taobao.org/arraybuffer.slice/download/arraybuffer.slice-0.0.6.tgz#f33b2159f0532a3f3107a272c0ccfbd1ad2979ca"

async@~0.2.6:
  version "0.2.10"
  resolved "http://registry.npm.taobao.org/async/download/async-0.2.10.tgz#b6bbe0b0674b9d719708ca38de8c237cb526c3d1"

async@0.9.x:
  version "0.9.2"
  resolved "http://registry.npm.taobao.org/async/download/async-0.9.2.tgz#aea74d5e61c1f899613bf64bda66d4c78f2fd17d"

backo2@1.0.2:
  version "1.0.2"
  resolved "http://registry.npm.taobao.org/backo2/download/backo2-1.0.2.tgz#31ab1ac8b129363463e35b3ebb69f4dfcfba7947"

base64-arraybuffer@0.1.2:
  version "0.1.2"
  resolved "http://registry.npm.taobao.org/base64-arraybuffer/download/base64-arraybuffer-0.1.2.tgz#474df4a9f2da24e05df3158c3b1db3c3cd46a154"

base64-js@0.0.2:
  version "0.0.2"
  resolved "http://registry.npm.taobao.org/base64-js/download/base64-js-0.0.2.tgz#024f0f72afa25b75f9c0ee73cd4f55ec1bed9784"

base64id@0.1.0:
  version "0.1.0"
  resolved "http://registry.npm.taobao.org/base64id/download/base64id-0.1.0.tgz#02ce0fdeee0cef4f40080e1e73e834f0b1bfce3f"

benchmark@1.0.0:
  version "1.0.0"
  resolved "http://registry.npm.taobao.org/benchmark/download/benchmark-1.0.0.tgz#2f1e2fa4c359f11122aa183082218e957e390c73"

better-assert@~1.0.0:
  version "1.0.2"
  resolved "http://registry.npm.taobao.org/better-assert/download/better-assert-1.0.2.tgz#40866b9e1b9e0b55b481894311e68faffaebc522"
  dependencies:
    callsite "1.0.0"

bignumber.js@2.0.7:
  version "2.0.7"
  resolved "http://registry.npm.taobao.org/bignumber.js/download/bignumber.js-2.0.7.tgz#86eb0707cf6a5110909d23e6ea7434c14f500f1c"

blob@0.0.2:
  version "0.0.2"
  resolved "http://registry.npm.taobao.org/blob/download/blob-0.0.2.tgz#b89562bd6994af95ba1e812155536333aa23cf24"

bops@~0.0.6:
  version "0.0.7"
  resolved "http://registry.npm.taobao.org/bops/download/bops-0.0.7.tgz#b4a0a5a839a406454af0fe05a8b91a7a766a54e2"
  dependencies:
    base64-js "0.0.2"
    to-utf8 "0.0.1"

callsite@1.0.0:
  version "1.0.0"
  resolved "http://registry.npm.taobao.org/callsite/download/callsite-1.0.0.tgz#280398e5d664bd74038b6f0905153e6e8af1bc20"

colors@1.0.x:
  version "1.0.3"
  resolved "http://registry.npm.taobao.org/colors/download/colors-1.0.3.tgz#0433f44d809680fdeb60ed260f1b0c262e82a40b"

commander@~0.6.1, commander@0.6.1:
  version "0.6.1"
  resolved "http://registry.npm.taobao.org/commander/download/commander-0.6.1.tgz#fa68a14f6a945d54dbbe50d8cdb3320e9e3b1a06"

commander@2.3.0:
  version "2.3.0"
  resolved "http://registry.npm.taobao.org/commander/download/commander-2.3.0.tgz#fd430e889832ec353b9acd1de217c11cb3eef873"

component-bind@1.0.0:
  version "1.0.0"
  resolved "http://registry.npm.taobao.org/component-bind/download/component-bind-1.0.0.tgz#00c608ab7dcd93897c0009651b1d3a8e1e73bbd1"

component-emitter@1.1.2:
  version "1.1.2"
  resolved "http://registry.npm.taobao.org/component-emitter/download/component-emitter-1.1.2.tgz#296594f2753daa63996d2af08d15a95116c9aec3"

component-inherit@0.0.3:
  version "0.0.3"
  resolved "http://registry.npm.taobao.org/component-inherit/download/component-inherit-0.0.3.tgz#645fc4adf58b72b649d5cae65135619db26ff143"

core-util-is@~1.0.0:
  version "1.0.2"
  resolved "http://registry.npm.taobao.org/core-util-is/download/core-util-is-1.0.2.tgz#b5fd54220aa2bc5ab57aab7140c940754503c1a7"

cycle@1.0.x:
  version "1.0.3"
  resolved "http://registry.npm.taobao.org/cycle/download/cycle-1.0.3.tgz#21e80b2be8580f98b468f379430662b046c34ad2"

debug@0.7.4:
  version "0.7.4"
  resolved "http://registry.npm.taobao.org/debug/download/debug-0.7.4.tgz#06e1ea8082c2cb14e39806e22e2f6f757f92af39"

debug@1.0.2:
  version "1.0.2"
  resolved "http://registry.npm.taobao.org/debug/download/debug-1.0.2.tgz#3849591c10cce648476c3c7c2e2e3416db5963c4"
  dependencies:
    ms "0.6.2"

debug@1.0.3:
  version "1.0.3"
  resolved "http://registry.npm.taobao.org/debug/download/debug-1.0.3.tgz#fc8c6b2d6002804b4081c0208e0f6460ba1fa3e4"
  dependencies:
    ms "0.6.2"

debug@1.0.4:
  version "1.0.4"
  resolved "http://registry.npm.taobao.org/debug/download/debug-1.0.4.tgz#5b9c256bd54b6ec02283176fa8a0ede6d154cbf8"
  dependencies:
    ms "0.6.2"

debug@2.0.0:
  version "2.0.0"
  resolved "http://registry.npm.taobao.org/debug/download/debug-2.0.0.tgz#89bd9df6732b51256bc6705342bba02ed12131ef"
  dependencies:
    ms "0.6.2"

debug@2.1.0:
  version "2.1.0"
  resolved "http://registry.npm.taobao.org/debug/download/debug-2.1.0.tgz#33ab915659d8c2cc8a41443d94d6ebd37697ed21"
  dependencies:
    ms "0.6.2"

deep-is@~0.1.2:
  version "0.1.3"
  resolved "http://registry.npm.taobao.org/deep-is/download/deep-is-0.1.3.tgz#b369d6fb5dbc13eecf524f91b070feedc357cf34"

diff@1.4.0:
  version "1.4.0"
  resolved "http://registry.npm.taobao.org/diff/download/diff-1.4.0.tgz#7f28d2eb9ee7b15a97efd89ce63dcfdaa3ccbabf"

engine.io-client@1.5.1:
  version "1.5.1"
  resolved "http://registry.npm.taobao.org/engine.io-client/download/engine.io-client-1.5.1.tgz#ecd0026d90b065169b9885960183f3d56b8da18e"
  dependencies:
    component-emitter "1.1.2"
    component-inherit "0.0.3"
    debug "1.0.4"
    engine.io-parser "1.2.1"
    has-cors "1.0.3"
    indexof "0.0.1"
    parsejson "0.0.1"
    parseqs "0.0.2"
    parseuri "0.0.4"
    ws "0.4.31"
    xmlhttprequest "https://github.com/rase-/node-XMLHttpRequest/archive/a6b6f2.tar.gz"

engine.io-parser@1.2.1:
  version "1.2.1"
  resolved "http://registry.npm.taobao.org/engine.io-parser/download/engine.io-parser-1.2.1.tgz#4462a67d0c70a907c06db2e1de53791a86f5ab37"
  dependencies:
    after "0.8.1"
    arraybuffer.slice "0.0.6"
    base64-arraybuffer "0.1.2"
    blob "0.0.2"
    has-binary "0.1.5"
    utf8 "2.0.0"

engine.io@1.5.1:
  version "1.5.1"
  resolved "http://registry.npm.taobao.org/engine.io/download/engine.io-1.5.1.tgz#8f7a4b2aadf974b71ffd185cffe1e2bdf384ddfb"
  dependencies:
    base64id "0.1.0"
    debug "1.0.3"
    engine.io-parser "1.2.1"
    ws "0.5.0"

escape-string-regexp@1.0.2:
  version "1.0.2"
  resolved "http://registry.npm.taobao.org/escape-string-regexp/download/escape-string-regexp-1.0.2.tgz#4dbc2fe674e71949caf3fb2695ce7f2dc1d9a8d1"

escodegen@1.6.x:
  version "1.6.1"
  resolved "http://registry.npm.taobao.org/escodegen/download/escodegen-1.6.1.tgz#367de17d8510540d12bc6dcb8b3f918391265815"
  dependencies:
    esprima "^1.2.2"
    estraverse "^1.9.1"
    esutils "^1.1.6"
    optionator "^0.5.0"
  optionalDependencies:
    source-map "~0.1.40"

esprima@^1.2.2:
  version "1.2.5"
  resolved "http://registry.npm.taobao.org/esprima/download/esprima-1.2.5.tgz#0993502feaf668138325756f30f9a51feeec11e9"

esprima@^2.6.0:
  version "2.7.3"
  resolved "http://registry.npm.taobao.org/esprima/download/esprima-2.7.3.tgz#96e3b70d5779f6ad49cd032673d1c312767ba581"

esprima@2.1.x:
  version "2.1.0"
  resolved "http://registry.npm.taobao.org/esprima/download/esprima-2.1.0.tgz#c1c9fb94975dfcc3fc71c60f074f3c5156a28ef5"

estraverse@^1.9.1:
  version "1.9.3"
  resolved "http://registry.npm.taobao.org/estraverse/download/estraverse-1.9.3.tgz#af67f2dc922582415950926091a4005d29c9bb44"

esutils@^1.1.6:
  version "1.1.6"
  resolved "http://registry.npm.taobao.org/esutils/download/esutils-1.1.6.tgz#c01ccaa9ae4b897c6d0c3e210ae52f3c7a844375"

eyes@0.1.x:
  version "0.1.8"
  resolved "http://registry.npm.taobao.org/eyes/download/eyes-0.1.8.tgz#62cf120234c683785d902348a800ef3e0cc20bc0"

fast-levenshtein@~1.0.0:
  version "1.0.7"
  resolved "http://registry.npm.taobao.org/fast-levenshtein/download/fast-levenshtein-1.0.7.tgz#0178dcdee023b92905193af0959e8a7639cfdcb9"

fileset@0.1.x:
  version "0.1.8"
  resolved "http://registry.npm.taobao.org/fileset/download/fileset-0.1.8.tgz#506b91a9396eaa7e32fb42a84077c7a0c736b741"
  dependencies:
    glob "3.x"
    minimatch "0.x"

glob@3.2.3:
  version "3.2.3"
  resolved "http://registry.npm.taobao.org/glob/download/glob-3.2.3.tgz#e313eeb249c7affaa5c475286b0e115b59839467"
  dependencies:
    graceful-fs "~2.0.0"
    inherits "2"
    minimatch "~0.2.11"

glob@3.x:
  version "3.2.11"
  resolved "http://registry.npm.taobao.org/glob/download/glob-3.2.11.tgz#4a973f635b9190f715d10987d5c00fd2815ebe3d"
  dependencies:
    inherits "2"
    minimatch "0.3"

"global@https://github.com/component/global/archive/v2.0.1.tar.gz":
  version "2.0.1"
  resolved "https://github.com/component/global/archive/v2.0.1.tar.gz#3fb25343fb66d79991b0f4a429ce3b54480eec3c"

graceful-fs@~2.0.0:
  version "2.0.3"
  resolved "http://registry.npm.taobao.org/graceful-fs/download/graceful-fs-2.0.3.tgz#7cd2cdb228a4a3f36e95efa6cc142de7d1a136d0"

growl@1.8.1:
  version "1.8.1"
  resolved "http://registry.npm.taobao.org/growl/download/growl-1.8.1.tgz#4b2dec8d907e93db336624dcec0183502f8c9428"

handlebars@3.0.0:
  version "3.0.0"
  resolved "http://registry.npm.taobao.org/handlebars/download/handlebars-3.0.0.tgz#7f4e537f4dd6992869d66c01b7505eba3561a5d5"
  dependencies:
    optimist "^0.6.1"
    source-map "^0.1.40"
  optionalDependencies:
    uglify-js "~2.3"

has-binary-data@0.1.3:
  version "0.1.3"
  resolved "http://registry.npm.taobao.org/has-binary-data/download/has-binary-data-0.1.3.tgz#8ebb18388b57f19a5231275a16fc18d51f379aae"
  dependencies:
    isarray "0.0.1"

has-binary@0.1.5:
  version "0.1.5"
  resolved "http://registry.npm.taobao.org/has-binary/download/has-binary-0.1.5.tgz#95e75720ff31b72a3ba89a5b6dce082e4bc6467f"
  dependencies:
    isarray "0.0.1"

has-binary@0.1.6:
  version "0.1.6"
  resolved "http://registry.npm.taobao.org/has-binary/download/has-binary-0.1.6.tgz#25326f39cfa4f616ad8787894e3af2cfbc7b6e10"
  dependencies:
    isarray "0.0.1"

has-cors@1.0.3:
  version "1.0.3"
  resolved "http://registry.npm.taobao.org/has-cors/download/has-cors-1.0.3.tgz#502acb9b3104dac33dd2630eaf2f888b0baf4cb3"
  dependencies:
    global "https://github.com/component/global/archive/v2.0.1.tar.gz"

indexof@0.0.1:
  version "0.0.1"
  resolved "http://registry.npm.taobao.org/indexof/download/indexof-0.0.1.tgz#82dc336d232b9062179d05ab3293a66059fd435d"

inherits@~2.0.1, inherits@2:
  version "2.0.3"
  resolved "http://registry.npm.taobao.org/inherits/download/inherits-2.0.3.tgz#633c2c83e3da42a502f52466022480f4208261de"

isarray@0.0.1:
  version "0.0.1"
  resolved "http://registry.npm.taobao.org/isarray/download/isarray-0.0.1.tgz#8a18acfca9a8f4177e09abfc6038939b05d1eedf"

isstream@0.1.x:
  version "0.1.2"
  resolved "http://registry.npm.taobao.org/isstream/download/isstream-0.1.2.tgz#47e63f7af55afa6f92e1500e690eb8b8529c099a"

istanbul@0.3.14:
  version "0.3.14"
  resolved "http://registry.npm.taobao.org/istanbul/download/istanbul-0.3.14.tgz#5e0aa144cfdde6bb7111124c8b425c6bf53ffc1e"
  dependencies:
    abbrev "1.0.x"
    async "0.9.x"
    escodegen "1.6.x"
    esprima "2.1.x"
    fileset "0.1.x"
    handlebars "3.0.0"
    js-yaml "3.x"
    mkdirp "0.5.x"
    nopt "3.x"
    once "1.x"
    resolve "1.1.x"
    supports-color "1.3.x"
    which "1.0.x"
    wordwrap "0.0.x"

jade@0.26.3:
  version "0.26.3"
  resolved "http://registry.npm.taobao.org/jade/download/jade-0.26.3.tgz#8f10d7977d8d79f2f6ff862a81b0513ccb25686c"
  dependencies:
    commander "0.6.1"
    mkdirp "0.3.0"

js-yaml@3.x:
  version "3.7.0"
  resolved "http://registry.npm.taobao.org/js-yaml/download/js-yaml-3.7.0.tgz#5c967ddd837a9bfdca5f2de84253abe8a1c03b80"
  dependencies:
    argparse "^1.0.7"
    esprima "^2.6.0"

json3@3.2.6:
  version "3.2.6"
  resolved "http://registry.npm.taobao.org/json3/download/json3-3.2.6.tgz#f6efc93c06a04de9aec53053df2559bb19e2038b"

levn@~0.2.5:
  version "0.2.5"
  resolved "http://registry.npm.taobao.org/levn/download/levn-0.2.5.tgz#ba8d339d0ca4a610e3a3f145b9caf48807155054"
  dependencies:
    prelude-ls "~1.1.0"
    type-check "~0.3.1"

lru-cache@2:
  version "2.7.3"
  resolved "http://registry.npm.taobao.org/lru-cache/download/lru-cache-2.7.3.tgz#6d4524e8b955f95d4f5b58851ce21dd72fb4e952"

minimatch@~0.2.11:
  version "0.2.14"
  resolved "http://registry.npm.taobao.org/minimatch/download/minimatch-0.2.14.tgz#c74e780574f63c6f9a090e90efbe6ef53a6a756a"
  dependencies:
    lru-cache "2"
    sigmund "~1.0.0"

minimatch@0.3:
  version "0.3.0"
  resolved "http://registry.npm.taobao.org/minimatch/download/minimatch-0.3.0.tgz#275d8edaac4f1bb3326472089e7949c8394699dd"
  dependencies:
    lru-cache "2"
    sigmund "~1.0.0"

minimatch@0.x:
  version "0.4.0"
  resolved "http://registry.npm.taobao.org/minimatch/download/minimatch-0.4.0.tgz#bd2c7d060d2c8c8fd7cde7f1f2ed2d5b270fdb1b"
  dependencies:
    lru-cache "2"
    sigmund "~1.0.0"

minimist@~0.0.1:
  version "0.0.10"
  resolved "http://registry.npm.taobao.org/minimist/download/minimist-0.0.10.tgz#de3f98543dbf96082be48ad1a0c7cda836301dcf"

minimist@0.0.8:
  version "0.0.8"
  resolved "http://registry.npm.taobao.org/minimist/download/minimist-0.0.8.tgz#857fcabfc3397d2625b8228262e86aa7a011b05d"

mkdirp@0.3.0:
  version "0.3.0"
  resolved "http://registry.npm.taobao.org/mkdirp/download/mkdirp-0.3.0.tgz#1bbf5ab1ba827af23575143490426455f481fe1e"

mkdirp@0.5.0:
  version "0.5.0"
  resolved "http://registry.npm.taobao.org/mkdirp/download/mkdirp-0.5.0.tgz#1d73076a6df986cd9344e15e71fcc05a4c9abf12"
  dependencies:
    minimist "0.0.8"

mkdirp@0.5.x:
  version "0.5.1"
  resolved "http://registry.npm.taobao.org/mkdirp/download/mkdirp-0.5.1.tgz#30057438eac6cf7f8c4767f38648d6697d75c903"
  dependencies:
    minimist "0.0.8"

mocha@2.2.5:
  version "2.2.5"
  resolved "http://registry.npm.taobao.org/mocha/download/mocha-2.2.5.tgz#d3b72a4fe49ec9439353f1ac893dbc430d993140"
  dependencies:
    commander "2.3.0"
    debug "2.0.0"
    diff "1.4.0"
    escape-string-regexp "1.0.2"
    glob "3.2.3"
    growl "1.8.1"
    jade "0.26.3"
    mkdirp "0.5.0"
    supports-color "~1.2.0"

ms@0.6.2:
  version "0.6.2"
  resolved "http://registry.npm.taobao.org/ms/download/ms-0.6.2.tgz#d89c2124c6fdc1353d65a8b77bf1aac4b193708c"

msgpack-js@0.3.0:
  version "0.3.0"
  resolved "http://registry.npm.taobao.org/msgpack-js/download/msgpack-js-0.3.0.tgz#030ec08c5956f9ca7d17d40a572d5396fec10923"
  dependencies:
    bops "~0.0.6"

mysql@2.7.0:
  version "2.7.0"
  resolved "http://registry.npm.taobao.org/mysql/download/mysql-2.7.0.tgz#02f99c0ecada01c1dca100d96a6202f40c88261d"
  dependencies:
    bignumber.js "2.0.7"
    readable-stream "~1.1.13"
    require-all "~1.0.0"

nan@~0.3.0:
  version "0.3.2"
  resolved "http://registry.npm.taobao.org/nan/download/nan-0.3.2.tgz#0df1935cab15369075ef160ad2894107aa14dc2d"

nan@1.4.x:
  version "1.4.3"
  resolved "http://registry.npm.taobao.org/nan/download/nan-1.4.3.tgz#c56b5404698063696f597435f9163c312aea5009"

nopt@3.x:
  version "3.0.6"
  resolved "http://registry.npm.taobao.org/nopt/download/nopt-3.0.6.tgz#c6465dbf08abcd4db359317f79ac68a646b28ff9"
  dependencies:
    abbrev "1"

object-component@0.0.3:
  version "0.0.3"
  resolved "http://registry.npm.taobao.org/object-component/download/object-component-0.0.3.tgz#f0c69aa50efc95b866c186f400a33769cb2f1291"

object-keys@1.0.1:
  version "1.0.1"
  resolved "http://registry.npm.taobao.org/object-keys/download/object-keys-1.0.1.tgz#55802e85842c26bbb5ebbc157abf3be302569ba8"

once@1.x:
  version "1.4.0"
  resolved "http://registry.npm.taobao.org/once/download/once-1.4.0.tgz#583b1aa775961d4b113ac17d9c50baef9dd76bd1"
  dependencies:
    wrappy "1"

optimist@^0.6.1:
  version "0.6.1"
  resolved "http://registry.npm.taobao.org/optimist/download/optimist-0.6.1.tgz#da3ea74686fa21a19a111c326e90eb15a0196686"
  dependencies:
    minimist "~0.0.1"
    wordwrap "~0.0.2"

optimist@~0.3.5:
  version "0.3.7"
  resolved "http://registry.npm.taobao.org/optimist/download/optimist-0.3.7.tgz#c90941ad59e4273328923074d2cf2e7cbc6ec0d9"
  dependencies:
    wordwrap "~0.0.2"

optionator@^0.5.0:
  version "0.5.0"
  resolved "http://registry.npm.taobao.org/optionator/download/optionator-0.5.0.tgz#b75a8995a2d417df25b6e4e3862f50aa88651368"
  dependencies:
    deep-is "~0.1.2"
    fast-levenshtein "~1.0.0"
    levn "~0.2.5"
    prelude-ls "~1.1.1"
    type-check "~0.3.1"
    wordwrap "~0.0.2"

options@>=0.0.5:
  version "0.0.6"
  resolved "http://registry.npm.taobao.org/options/download/options-0.0.6.tgz#ec22d312806bb53e731773e7cdaefcf1c643128f"

parsejson@0.0.1:
  version "0.0.1"
  resolved "http://registry.npm.taobao.org/parsejson/download/parsejson-0.0.1.tgz#9b10c6c0d825ab589e685153826de0a3ba278bcc"
  dependencies:
    better-assert "~1.0.0"

parseqs@0.0.2:
  version "0.0.2"
  resolved "http://registry.npm.taobao.org/parseqs/download/parseqs-0.0.2.tgz#9dfe70b2cddac388bde4f35b1f240fa58adbe6c7"
  dependencies:
    better-assert "~1.0.0"

parseuri@0.0.2:
  version "0.0.2"
  resolved "http://registry.npm.taobao.org/parseuri/download/parseuri-0.0.2.tgz#db41878f2d6964718be870b3140973d8093be156"
  dependencies:
    better-assert "~1.0.0"

parseuri@0.0.4:
  version "0.0.4"
  resolved "http://registry.npm.taobao.org/parseuri/download/parseuri-0.0.4.tgz#806582a39887e1ea18dd5e2fe0e01902268e9350"
  dependencies:
    better-assert "~1.0.0"

pkginfo@0.3.x:
  version "0.3.1"
  resolved "http://registry.npm.taobao.org/pkginfo/download/pkginfo-0.3.1.tgz#5b29f6a81f70717142e09e765bbeab97b4f81e21"

prelude-ls@~1.1.0, prelude-ls@~1.1.1, prelude-ls@~1.1.2:
  version "1.1.2"
  resolved "http://registry.npm.taobao.org/prelude-ls/download/prelude-ls-1.1.2.tgz#21932a549f5e52ffd9a827f570e04be62a97da54"

readable-stream@~1.1.13:
  version "1.1.14"
  resolved "http://registry.npm.taobao.org/readable-stream/download/readable-stream-1.1.14.tgz#7cf4c54ef648e3813084c636dd2079e166c081d9"
  dependencies:
    core-util-is "~1.0.0"
    inherits "~2.0.1"
    isarray "0.0.1"
    string_decoder "~0.10.x"

redis@0.10.1:
  version "0.10.1"
  resolved "http://registry.npm.taobao.org/redis/download/redis-0.10.1.tgz#4f09258931d961377239fdbd495e1d99a263a8ec"

require-all@~1.0.0:
  version "1.0.0"
  resolved "http://registry.npm.taobao.org/require-all/download/require-all-1.0.0.tgz#8483708e7ce4c6dfad988b5080f97829b92d2227"

resolve@1.1.x:
  version "1.1.7"
  resolved "http://registry.npm.taobao.org/resolve/download/resolve-1.1.7.tgz#203114d82ad2c5ed9e8e0411b3932875e889e97b"

should@3.3.2:
  version "3.3.2"
  resolved "http://registry.npm.taobao.org/should/download/should-3.3.2.tgz#c883dd409b53bbdf1b55ec0d8fc3865f2b287e64"

sigmund@~1.0.0:
  version "1.0.1"
  resolved "http://registry.npm.taobao.org/sigmund/download/sigmund-1.0.1.tgz#3ff21f198cad2175f9f3b781853fd94d0d19b590"

socket.io-adapter@0.3.1:
  version "0.3.1"
  resolved "http://registry.npm.taobao.org/socket.io-adapter/download/socket.io-adapter-0.3.1.tgz#df81f970b4df6493902d93e519c7b72755c3a958"
  dependencies:
    debug "1.0.2"
    object-keys "1.0.1"
    socket.io-parser "2.2.2"

socket.io-client@1.3.5:
  version "1.3.5"
  resolved "http://registry.npm.taobao.org/socket.io-client/download/socket.io-client-1.3.5.tgz#9c3a6fbdbd99420c3633a16b4e2543e73f1303ea"
  dependencies:
    backo2 "1.0.2"
    component-bind "1.0.0"
    component-emitter "1.1.2"
    debug "0.7.4"
    engine.io-client "1.5.1"
    has-binary "0.1.6"
    indexof "0.0.1"
    object-component "0.0.3"
    parseuri "0.0.2"
    socket.io-parser "2.2.4"
    to-array "0.1.3"

socket.io-parser@2.2.2:
  version "2.2.2"
  resolved "http://registry.npm.taobao.org/socket.io-parser/download/socket.io-parser-2.2.2.tgz#3d7af6b64497e956b7d9fe775f999716027f9417"
  dependencies:
    benchmark "1.0.0"
    component-emitter "1.1.2"
    debug "0.7.4"
    isarray "0.0.1"
    json3 "3.2.6"

socket.io-parser@2.2.4:
  version "2.2.4"
  resolved "http://registry.npm.taobao.org/socket.io-parser/download/socket.io-parser-2.2.4.tgz#f9ce19bf1909608ceb15d97721e23bfdd1e7cf65"
  dependencies:
    benchmark "1.0.0"
    component-emitter "1.1.2"
    debug "0.7.4"
    isarray "0.0.1"
    json3 "3.2.6"

socket.io-redis@0.1.4:
  version "0.1.4"
  resolved "http://registry.npm.taobao.org/socket.io-redis/download/socket.io-redis-0.1.4.tgz#377312dd9280952d8d85bd27a11d1d7b8e292823"
  dependencies:
    debug "0.7.4"
    msgpack-js "0.3.0"
    redis "0.10.1"
    socket.io-adapter "0.3.1"
    uid2 "0.0.3"

socket.io@1.3.5:
  version "1.3.5"
  resolved "http://registry.npm.taobao.org/socket.io/download/socket.io-1.3.5.tgz#bfd609f37626889e94df9d3526db79a84255f1d8"
  dependencies:
    debug "2.1.0"
    engine.io "1.5.1"
    has-binary-data "0.1.3"
    socket.io-adapter "0.3.1"
    socket.io-client "1.3.5"
    socket.io-parser "2.2.4"

source-map@^0.1.40, source-map@~0.1.40, source-map@~0.1.7:
  version "0.1.43"
  resolved "http://registry.npm.taobao.org/source-map/download/source-map-0.1.43.tgz#c24bc146ca517c1471f5dacbe2571b2b7f9e3346"
  dependencies:
    amdefine ">=0.0.4"

sprintf-js@~1.0.2:
  version "1.0.3"
  resolved "http://registry.npm.taobao.org/sprintf-js/download/sprintf-js-1.0.3.tgz#04e6926f662895354f3dd015203633b857297e2c"

stack-trace@0.0.x:
  version "0.0.9"
  resolved "http://registry.npm.taobao.org/stack-trace/download/stack-trace-0.0.9.tgz#a8f6eaeca90674c333e7c43953f275b451510695"

string_decoder@~0.10.x:
  version "0.10.31"
  resolved "http://registry.npm.taobao.org/string_decoder/download/string_decoder-0.10.31.tgz#62e203bc41766c6c28c9fc84301dab1c5310fa94"

supports-color@~1.2.0:
  version "1.2.1"
  resolved "http://registry.npm.taobao.org/supports-color/download/supports-color-1.2.1.tgz#12ee21507086cd98c1058d9ec0f4ac476b7af3b2"

supports-color@1.3.x:
  version "1.3.1"
  resolved "http://registry.npm.taobao.org/supports-color/download/supports-color-1.3.1.tgz#15758df09d8ff3b4acc307539fabe27095e1042d"

tinycolor@0.x:
  version "0.0.1"
  resolved "http://registry.npm.taobao.org/tinycolor/download/tinycolor-0.0.1.tgz#320b5a52d83abb5978d81a3e887d4aefb15a6164"

to-array@0.1.3:
  version "0.1.3"
  resolved "http://registry.npm.taobao.org/to-array/download/to-array-0.1.3.tgz#d45dadc6363417f60f28474fea50ecddbb4f4991"

to-utf8@0.0.1:
  version "0.0.1"
  resolved "http://registry.npm.taobao.org/to-utf8/download/to-utf8-0.0.1.tgz#d17aea72ff2fba39b9e43601be7b3ff72e089852"

type-check@~0.3.1:
  version "0.3.2"
  resolved "http://registry.npm.taobao.org/type-check/download/type-check-0.3.2.tgz#5884cab512cf1d355e3fb784f30804b2b520db72"
  dependencies:
    prelude-ls "~1.1.2"

uglify-js@~2.3:
  version "2.3.6"
  resolved "http://registry.npm.taobao.org/uglify-js/download/uglify-js-2.3.6.tgz#fa0984770b428b7a9b2a8058f46355d14fef211a"
  dependencies:
    async "~0.2.6"
    optimist "~0.3.5"
    source-map "~0.1.7"

uid2@0.0.3:
  version "0.0.3"
  resolved "http://registry.npm.taobao.org/uid2/download/uid2-0.0.3.tgz#483126e11774df2f71b8b639dcd799c376162b82"

ultron@1.0.x:
  version "1.0.2"
  resolved "http://registry.npm.taobao.org/ultron/download/ultron-1.0.2.tgz#ace116ab557cd197386a4e88f4685378c8b2e4fa"

utf8@2.0.0:
  version "2.0.0"
  resolved "http://registry.npm.taobao.org/utf8/download/utf8-2.0.0.tgz#79ce59eced874809cab9a71fc7102c7d45d4118d"

which@1.0.x:
  version "1.0.9"
  resolved "http://registry.npm.taobao.org/which/download/which-1.0.9.tgz#460c1da0f810103d0321a9b633af9e575e64486f"

winston@1.0.1:
  version "1.0.1"
  resolved "http://registry.npm.taobao.org/winston/download/winston-1.0.1.tgz#4c6f5a1167ebc516ac29b76e4eadb873c15289a4"
  dependencies:
    async "0.9.x"
    colors "1.0.x"
    cycle "1.0.x"
    eyes "0.1.x"
    isstream "0.1.x"
    pkginfo "0.3.x"
    stack-trace "0.0.x"

wordwrap@~0.0.2, wordwrap@0.0.x:
  version "0.0.3"
  resolved "http://registry.npm.taobao.org/wordwrap/download/wordwrap-0.0.3.tgz#a3d5da6cd5c0bc0008d37234bbaf1bed63059107"

wrappy@1:
  version "1.0.2"
  resolved "http://registry.npm.taobao.org/wrappy/download/wrappy-1.0.2.tgz#b5243d8f3ec1aa35f1364605bc0d1036e30ab69f"

ws@0.4.31:
  version "0.4.31"
  resolved "http://registry.npm.taobao.org/ws/download/ws-0.4.31.tgz#5a4849e7a9ccd1ed5a81aeb4847c9fedf3122927"
  dependencies:
    commander "~0.6.1"
    nan "~0.3.0"
    options ">=0.0.5"
    tinycolor "0.x"

ws@0.5.0:
  version "0.5.0"
  resolved "http://registry.npm.taobao.org/ws/download/ws-0.5.0.tgz#b3980391dc4777d83974718aa361e808d86cf9ca"
  dependencies:
    nan "1.4.x"
    options ">=0.0.5"
    ultron "1.0.x"

"xmlhttprequest@https://github.com/rase-/node-XMLHttpRequest/archive/a6b6f2.tar.gz":
  version "1.5.0"
  resolved "https://github.com/rase-/node-XMLHttpRequest/archive/a6b6f2.tar.gz#20cafa5caa55f6db6bfaee849d1eb60ee43a5fca"

